
Microsoft Visual Studio Solution File, Format Version 12.00
# Visual Studio Version 16
VisualStudioVersion = 16.0.29509.3
MinimumVisualStudioVersion = 10.0.40219.1
Project("{FAE04EC0-301F-11D3-BF4B-00C04F79EFBC}") = "ReviewFilmProjectWithLogin", "ReviewFilmProjectWithLogin.csproj", "{0F8D1414-9AE5-4B67-8AEF-4ADB497A3020}"
EndProject
Global
	GlobalSection(SolutionConfigurationPlatforms) = preSolution
		Debug|Any CPU = Debug|Any CPU
		Release|Any CPU = Release|Any CPU
	EndGlobalSection
	GlobalSection(ProjectConfigurationPlatforms) = postSolution
		{0F8D1414-9AE5-4B67-8AEF-4ADB497A3020}.Debug|Any CPU.ActiveCfg = Debug|Any CPU
		{0F8D1414-9AE5-4B67-8AEF-4ADB497A3020}.Debug|Any CPU.Build.0 = Debug|Any CPU
		{0F8D1414-9AE5-4B67-8AEF-4ADB497A3020}.Debug|Any CPU.Deploy.0 = Debug|Any CPU
		{0F8D1414-9AE5-4B67-8AEF-4ADB497A3020}.Release|Any CPU.ActiveCfg = Release|Any CPU
		{0F8D1414-9AE5-4B67-8AEF-4ADB497A3020}.Release|Any CPU.Build.0 = Release|Any CPU
		{0F8D1414-9AE5-4B67-8AEF-4ADB497A3020}.Release|Any CPU.Deploy.0 = Release|Any CPU
	EndGlobalSection
	GlobalSection(SolutionProperties) = preSolution
		HideSolutionNode = FALSE
	EndGlobalSection
	GlobalSection(ExtensibilityGlobals) = postSolution
		SolutionGuid = {4FB9F315-F9C9-466D-A823-66C1BB541AE6}
	EndGlobalSection
EndGlobal
