Microsoft Visual Studio Solution File, Format Version 12.00
# Visual Studio Version 16
VisualStudioVersion = 16.0.29519.87
MinimumVisualStudioVersion = 10.0.40219.1
Project("{FAE04EC0-301F-11D3-BF4B-00C04F79EFBC}") = "FilmProject.Android", "ViewModel\FilmProject.Android.csproj", "{EA332639-C00F-4BE4-AB2C-BA2360F1C61A}"
EndProject
Project("{9A19103F-16F7-4668-BE54-9A1E7A4F7556}") = "FilmProject.Core", "FilmProject.Core\FilmProject.Core.csproj", "{18039484-9D59-4580-9D00-620778688B73}"
EndProject
Global
	GlobalSection(SolutionConfigurationPlatforms) = preSolution
		Debug|Any CPU = Debug|Any CPU
		Release|Any CPU = Release|Any CPU
	EndGlobalSection
	GlobalSection(ProjectConfigurationPlatforms) = postSolution
		{EA332639-C00F-4BE4-AB2C-BA2360F1C61A}.Debug|Any CPU.ActiveCfg = Debug|Any CPU
		{EA332639-C00F-4BE4-AB2C-BA2360F1C61A}.Debug|Any CPU.Build.0 = Debug|Any CPU
		{EA332639-C00F-4BE4-AB2C-BA2360F1C61A}.Debug|Any CPU.Deploy.0 = Debug|Any CPU
		{EA332639-C00F-4BE4-AB2C-BA2360F1C61A}.Release|Any CPU.ActiveCfg = Release|Any CPU
		{EA332639-C00F-4BE4-AB2C-BA2360F1C61A}.Release|Any CPU.Build.0 = Release|Any CPU
		{18039484-9D59-4580-9D00-620778688B73}.Debug|Any CPU.ActiveCfg = Debug|Any CPU
		{18039484-9D59-4580-9D00-620778688B73}.Debug|Any CPU.Build.0 = Debug|Any CPU
		{18039484-9D59-4580-9D00-620778688B73}.Release|Any CPU.ActiveCfg = Release|Any CPU
		{18039484-9D59-4580-9D00-620778688B73}.Release|Any CPU.Build.0 = Release|Any CPU
	EndGlobalSection
	GlobalSection(SolutionProperties) = preSolution
		HideSolutionNode = FALSE
	EndGlobalSection
	GlobalSection(ExtensibilityGlobals) = postSolution
		SolutionGuid = {2846E220-7D2A-4AF2-88FA-973E32BE8F1B}
	EndGlobalSection
EndGlobal
